
Microsoft Visual Studio Solution File, Format Version 12.00
# Visual Studio Version 16
VisualStudioVersion = 16.0.32630.194
MinimumVisualStudioVersion = 10.0.40219.1
Project("{FAE04EC0-301F-11D3-BF4B-00C04F79EFBC}") = "OfficeMeeting", "OfficeMeeting.csproj", "{0BDDC75B-4780-48DA-93B5-B680111643F8}"
EndProject
Global
	GlobalSection(SolutionConfigurationPlatforms) = preSolution
		Debug|Any CPU = Debug|Any CPU
		Release|Any CPU = Release|Any CPU
	EndGlobalSection
	GlobalSection(ProjectConfigurationPlatforms) = postSolution
		{0BDDC75B-4780-48DA-93B5-B680111643F8}.Debug|Any CPU.ActiveCfg = Debug|Any CPU
		{0BDDC75B-4780-48DA-93B5-B680111643F8}.Debug|Any CPU.Build.0 = Debug|Any CPU
		{0BDDC75B-4780-48DA-93B5-B680111643F8}.Release|Any CPU.ActiveCfg = Release|Any CPU
		{0BDDC75B-4780-48DA-93B5-B680111643F8}.Release|Any CPU.Build.0 = Release|Any CPU
	EndGlobalSection
	GlobalSection(SolutionProperties) = preSolution
		HideSolutionNode = FALSE
	EndGlobalSection
	GlobalSection(ExtensibilityGlobals) = postSolution
		SolutionGuid = {A09083D7-6DA3-4302-8D6F-B6E57651CC4A}
	EndGlobalSection
EndGlobal
